
Microsoft Visual Studio Solution File, Format Version 12.00
# Visual Studio Version 16
VisualStudioVersion = 16.0.30804.86
MinimumVisualStudioVersion = 10.0.40219.1
Project("{FAE04EC0-301F-11D3-BF4B-00C04F79EFBC}") = "book class", "book class\book class.csproj", "{9BEA627C-4853-4CAF-A265-ACB0E4FB6611}"
EndProject
Global
	GlobalSection(SolutionConfigurationPlatforms) = preSolution
		Debug|Any CPU = Debug|Any CPU
		Release|Any CPU = Release|Any CPU
	EndGlobalSection
	GlobalSection(ProjectConfigurationPlatforms) = postSolution
		{9BEA627C-4853-4CAF-A265-ACB0E4FB6611}.Debug|Any CPU.ActiveCfg = Debug|Any CPU
		{9BEA627C-4853-4CAF-A265-ACB0E4FB6611}.Debug|Any CPU.Build.0 = Debug|Any CPU
		{9BEA627C-4853-4CAF-A265-ACB0E4FB6611}.Release|Any CPU.ActiveCfg = Release|Any CPU
		{9BEA627C-4853-4CAF-A265-ACB0E4FB6611}.Release|Any CPU.Build.0 = Release|Any CPU
	EndGlobalSection
	GlobalSection(SolutionProperties) = preSolution
		HideSolutionNode = FALSE
	EndGlobalSection
	GlobalSection(ExtensibilityGlobals) = postSolution
		SolutionGuid = {749F0DEE-A00A-4064-A73F-88B5E3D0BFA9}
	EndGlobalSection
EndGlobal
